
Microsoft Visual Studio Solution File, Format Version 12.00
# Visual Studio Version 16
VisualStudioVersion = 16.0.32630.194
MinimumVisualStudioVersion = 10.0.40219.1
Project("{FAE04EC0-301F-11D3-BF4B-00C04F79EFBC}") = "WebAPI_4", "WebAPI_4\WebAPI_4.csproj", "{C2CED6D2-15A5-4672-AE69-525D909D6C81}"
EndProject
Global
	GlobalSection(SolutionConfigurationPlatforms) = preSolution
		Debug|Any CPU = Debug|Any CPU
		Release|Any CPU = Release|Any CPU
	EndGlobalSection
	GlobalSection(ProjectConfigurationPlatforms) = postSolution
		{C2CED6D2-15A5-4672-AE69-525D909D6C81}.Debug|Any CPU.ActiveCfg = Debug|Any CPU
		{C2CED6D2-15A5-4672-AE69-525D909D6C81}.Debug|Any CPU.Build.0 = Debug|Any CPU
		{C2CED6D2-15A5-4672-AE69-525D909D6C81}.Release|Any CPU.ActiveCfg = Release|Any CPU
		{C2CED6D2-15A5-4672-AE69-525D909D6C81}.Release|Any CPU.Build.0 = Release|Any CPU
	EndGlobalSection
	GlobalSection(SolutionProperties) = preSolution
		HideSolutionNode = FALSE
	EndGlobalSection
	GlobalSection(ExtensibilityGlobals) = postSolution
		SolutionGuid = {00FA072C-8D3D-476D-92B1-47ED03F6A968}
	EndGlobalSection
EndGlobal
